// !$*UTF8*$!
{
	archiveVersion = 1;
	classes = {
	};
	objectVersion = 55;
	objects = {

/* Begin PBXBuildFile section */
		FF2D66A228BE6E850064135C /* HomeViewController.swift in Sources */ = {isa = PBXBuildFile; fileRef = FF2D66A128BE6E850064135C /* HomeViewController.swift */; };
		FF2D66A428C10CF50064135C /* UpcommingViewController.swift in Sources */ = {isa = PBXBuildFile; fileRef = FF2D66A328C10CF50064135C /* UpcommingViewController.swift */; };
		FF2D66A628C10D3C0064135C /* SearchViewController.swift in Sources */ = {isa = PBXBuildFile; fileRef = FF2D66A528C10D3C0064135C /* SearchViewController.swift */; };
		FF2D66A828C10D5D0064135C /* DownloadsViewController.swift in Sources */ = {isa = PBXBuildFile; fileRef = FF2D66A728C10D5D0064135C /* DownloadsViewController.swift */; };
		FF2D66AF28C668640064135C /* CollectionViewTableViewCell.swift in Sources */ = {isa = PBXBuildFile; fileRef = FF2D66AE28C668640064135C /* CollectionViewTableViewCell.swift */; };
		FF52032828B7BD460086C146 /* AppDelegate.swift in Sources */ = {isa = PBXBuildFile; fileRef = FF52032728B7BD460086C146 /* AppDelegate.swift */; };
		FF52032A28B7BD460086C146 /* SceneDelegate.swift in Sources */ = {isa = PBXBuildFile; fileRef = FF52032928B7BD460086C146 /* SceneDelegate.swift */; };
		FF52032C28B7BD460086C146 /* MainTabBarViewController.swift in Sources */ = {isa = PBXBuildFile; fileRef = FF52032B28B7BD460086C146 /* MainTabBarViewController.swift */; };
		FF52033128B7BD470086C146 /* Assets.xcassets in Resources */ = {isa = PBXBuildFile; fileRef = FF52033028B7BD470086C146 /* Assets.xcassets */; };
		FF52033428B7BD470086C146 /* LaunchScreen.storyboard in Resources */ = {isa = PBXBuildFile; fileRef = FF52033228B7BD470086C146 /* LaunchScreen.storyboard */; };
		FF5A075F28EDAEA600776B23 /* HeroHeaderUIView.swift in Sources */ = {isa = PBXBuildFile; fileRef = FF5A075E28EDAEA600776B23 /* HeroHeaderUIView.swift */; };
		FF7A679828EF1610002F92A0 /* APICaller-Movie.swift in Sources */ = {isa = PBXBuildFile; fileRef = FF7A679728EF1610002F92A0 /* APICaller-Movie.swift */; };
		FF7A679A28EF18F9002F92A0 /* URL.swift in Sources */ = {isa = PBXBuildFile; fileRef = FF7A679928EF18F9002F92A0 /* URL.swift */; };
		FF7A679C28F04BA2002F92A0 /* MovieModel.swift in Sources */ = {isa = PBXBuildFile; fileRef = FF7A679B28F04BA2002F92A0 /* MovieModel.swift */; };
		FF7A679E28F08DB9002F92A0 /* Extensions.swift in Sources */ = {isa = PBXBuildFile; fileRef = FF7A679D28F08DB9002F92A0 /* Extensions.swift */; };
		FF7A67A028F09BED002F92A0 /* TvModel.swift in Sources */ = {isa = PBXBuildFile; fileRef = FF7A679F28F09BED002F92A0 /* TvModel.swift */; };
		FF7A67A228F0A193002F92A0 /* APICaller-Tv.swift in Sources */ = {isa = PBXBuildFile; fileRef = FF7A67A128F0A193002F92A0 /* APICaller-Tv.swift */; };
/* End PBXBuildFile section */

/* Begin PBXFileReference section */
		FF2D66A128BE6E850064135C /* HomeViewController.swift */ = {isa = PBXFileReference; lastKnownFileType = sourcecode.swift; path = HomeViewController.swift; sourceTree = "<group>"; };
		FF2D66A328C10CF50064135C /* UpcommingViewController.swift */ = {isa = PBXFileReference; lastKnownFileType = sourcecode.swift; path = UpcommingViewController.swift; sourceTree = "<group>"; };
		FF2D66A528C10D3C0064135C /* SearchViewController.swift */ = {isa = PBXFileReference; lastKnownFileType = sourcecode.swift; path = SearchViewController.swift; sourceTree = "<group>"; };
		FF2D66A728C10D5D0064135C /* DownloadsViewController.swift */ = {isa = PBXFileReference; lastKnownFileType = sourcecode.swift; path = DownloadsViewController.swift; sourceTree = "<group>"; };
		FF2D66AE28C668640064135C /* CollectionViewTableViewCell.swift */ = {isa = PBXFileReference; lastKnownFileType = sourcecode.swift; path = CollectionViewTableViewCell.swift; sourceTree = "<group>"; };
		FF52032428B7BD460086C146 /* Netflix Clone.app */ = {isa = PBXFileReference; explicitFileType = wrapper.application; includeInIndex = 0; path = "Netflix Clone.app"; sourceTree = BUILT_PRODUCTS_DIR; };
		FF52032728B7BD460086C146 /* AppDelegate.swift */ = {isa = PBXFileReference; lastKnownFileType = sourcecode.swift; path = AppDelegate.swift; sourceTree = "<group>"; };
		FF52032928B7BD460086C146 /* SceneDelegate.swift */ = {isa = PBXFileReference; lastKnownFileType = sourcecode.swift; path = SceneDelegate.swift; sourceTree = "<group>"; };
		FF52032B28B7BD460086C146 /* MainTabBarViewController.swift */ = {isa = PBXFileReference; lastKnownFileType = sourcecode.swift; path = MainTabBarViewController.swift; sourceTree = "<group>"; };
		FF52033028B7BD470086C146 /* Assets.xcassets */ = {isa = PBXFileReference; lastKnownFileType = folder.assetcatalog; path = Assets.xcassets; sourceTree = "<group>"; };
		FF52033328B7BD470086C146 /* Base */ = {isa = PBXFileReference; lastKnownFileType = file.storyboard; name = Base; path = Base.lproj/LaunchScreen.storyboard; sourceTree = "<group>"; };
		FF52033528B7BD470086C146 /* Info.plist */ = {isa = PBXFileReference; lastKnownFileType = text.plist.xml; path = Info.plist; sourceTree = "<group>"; };
		FF5A075E28EDAEA600776B23 /* HeroHeaderUIView.swift */ = {isa = PBXFileReference; lastKnownFileType = sourcecode.swift; path = HeroHeaderUIView.swift; sourceTree = "<group>"; };
		FF7A679728EF1610002F92A0 /* APICaller-Movie.swift */ = {isa = PBXFileReference; lastKnownFileType = sourcecode.swift; path = "APICaller-Movie.swift"; sourceTree = "<group>"; };
		FF7A679928EF18F9002F92A0 /* URL.swift */ = {isa = PBXFileReference; lastKnownFileType = sourcecode.swift; path = URL.swift; sourceTree = "<group>"; };
		FF7A679B28F04BA2002F92A0 /* MovieModel.swift */ = {isa = PBXFileReference; lastKnownFileType = sourcecode.swift; path = MovieModel.swift; sourceTree = "<group>"; };
		FF7A679D28F08DB9002F92A0 /* Extensions.swift */ = {isa = PBXFileReference; lastKnownFileType = sourcecode.swift; path = Extensions.swift; sourceTree = "<group>"; };
		FF7A679F28F09BED002F92A0 /* TvModel.swift */ = {isa = PBXFileReference; lastKnownFileType = sourcecode.swift; path = TvModel.swift; sourceTree = "<group>"; };
		FF7A67A128F0A193002F92A0 /* APICaller-Tv.swift */ = {isa = PBXFileReference; lastKnownFileType = sourcecode.swift; path = "APICaller-Tv.swift"; sourceTree = "<group>"; };
/* End PBXFileReference section */

/* Begin PBXFrameworksBuildPhase section */
		FF52032128B7BD460086C146 /* Frameworks */ = {
			isa = PBXFrameworksBuildPhase;
			buildActionMask = 2147483647;
			files = (
			);
			runOnlyForDeploymentPostprocessing = 0;
		};
/* End PBXFrameworksBuildPhase section */

/* Begin PBXGroup section */
		FF2D66A028BE6E510064135C /* Controllers */ = {
			isa = PBXGroup;
			children = (
				FF2D66A128BE6E850064135C /* HomeViewController.swift */,
				FF2D66A328C10CF50064135C /* UpcommingViewController.swift */,
				FF2D66A528C10D3C0064135C /* SearchViewController.swift */,
				FF2D66A728C10D5D0064135C /* DownloadsViewController.swift */,
			);
			path = Controllers;
			sourceTree = "<group>";
		};
		FF2D66A928C667570064135C /* Views */ = {
			isa = PBXGroup;
			children = (
				FF2D66AE28C668640064135C /* CollectionViewTableViewCell.swift */,
				FF5A075E28EDAEA600776B23 /* HeroHeaderUIView.swift */,
			);
			path = Views;
			sourceTree = "<group>";
		};
		FF2D66AA28C667700064135C /* ViewModels */ = {
			isa = PBXGroup;
			children = (
			);
			path = ViewModels;
			sourceTree = "<group>";
		};
		FF2D66AB28C6678A0064135C /* Models */ = {
			isa = PBXGroup;
			children = (
				FF7A679B28F04BA2002F92A0 /* MovieModel.swift */,
				FF7A679F28F09BED002F92A0 /* TvModel.swift */,
			);
			path = Models;
			sourceTree = "<group>";
		};
		FF2D66AC28C667C00064135C /* Resources */ = {
			isa = PBXGroup;
			children = (
				FF7A679928EF18F9002F92A0 /* URL.swift */,
				FF7A679D28F08DB9002F92A0 /* Extensions.swift */,
			);
			path = Resources;
			sourceTree = "<group>";
		};
		FF2D66AD28C667D00064135C /* Managers */ = {
			isa = PBXGroup;
			children = (
				FF7A679728EF1610002F92A0 /* APICaller-Movie.swift */,
				FF7A67A128F0A193002F92A0 /* APICaller-Tv.swift */,
			);
			path = Managers;
			sourceTree = "<group>";
		};
		FF52031B28B7BD460086C146 = {
			isa = PBXGroup;
			children = (
				FF52032628B7BD460086C146 /* Netflix Clone */,
				FF52032528B7BD460086C146 /* Products */,
			);
			sourceTree = "<group>";
		};
		FF52032528B7BD460086C146 /* Products */ = {
			isa = PBXGroup;
			children = (
				FF52032428B7BD460086C146 /* Netflix Clone.app */,
			);
			name = Products;
			sourceTree = "<group>";
		};
		FF52032628B7BD460086C146 /* Netflix Clone */ = {
			isa = PBXGroup;
			children = (
				FF2D66AD28C667D00064135C /* Managers */,
				FF2D66AC28C667C00064135C /* Resources */,
				FF2D66AB28C6678A0064135C /* Models */,
				FF2D66A928C667570064135C /* Views */,
				FF2D66AA28C667700064135C /* ViewModels */,
				FF2D66A028BE6E510064135C /* Controllers */,
				FF52032728B7BD460086C146 /* AppDelegate.swift */,
				FF52032928B7BD460086C146 /* SceneDelegate.swift */,
				FF52032B28B7BD460086C146 /* MainTabBarViewController.swift */,
				FF52033028B7BD470086C146 /* Assets.xcassets */,
				FF52033228B7BD470086C146 /* LaunchScreen.storyboard */,
				FF52033528B7BD470086C146 /* Info.plist */,
			);
			path = "Netflix Clone";
			sourceTree = "<group>";
		};
/* End PBXGroup section */

/* Begin PBXNativeTarget section */
		FF52032328B7BD460086C146 /* Netflix Clone */ = {
			isa = PBXNativeTarget;
			buildConfigurationList = FF52033828B7BD470086C146 /* Build configuration list for PBXNativeTarget "Netflix Clone" */;
			buildPhases = (
				FF52032028B7BD460086C146 /* Sources */,
				FF52032128B7BD460086C146 /* Frameworks */,
				FF52032228B7BD460086C146 /* Resources */,
			);
			buildRules = (
			);
			dependencies = (
			);
			name = "Netflix Clone";
			productName = "Netflix Clone";
			productReference = FF52032428B7BD460086C146 /* Netflix Clone.app */;
			productType = "com.apple.product-type.application";
		};
/* End PBXNativeTarget section */

/* Begin PBXProject section */
		FF52031C28B7BD460086C146 /* Project object */ = {
			isa = PBXProject;
			attributes = {
				BuildIndependentTargetsInParallel = 1;
				LastSwiftUpdateCheck = 1340;
				LastUpgradeCheck = 1340;
				TargetAttributes = {
					FF52032328B7BD460086C146 = {
						CreatedOnToolsVersion = 13.4.1;
					};
				};
			};
			buildConfigurationList = FF52031F28B7BD460086C146 /* Build configuration list for PBXProject "Netflix Clone" */;
			compatibilityVersion = "Xcode 13.0";
			developmentRegion = en;
			hasScannedForEncodings = 0;
			knownRegions = (
				en,
				Base,
			);
			mainGroup = FF52031B28B7BD460086C146;
			productRefGroup = FF52032528B7BD460086C146 /* Products */;
			projectDirPath = "";
			projectRoot = "";
			targets = (
				FF52032328B7BD460086C146 /* Netflix Clone */,
			);
		};
/* End PBXProject section */

/* Begin PBXResourcesBuildPhase section */
		FF52032228B7BD460086C146 /* Resources */ = {
			isa = PBXResourcesBuildPhase;
			buildActionMask = 2147483647;
			files = (
				FF52033428B7BD470086C146 /* LaunchScreen.storyboard in Resources */,
				FF52033128B7BD470086C146 /* Assets.xcassets in Resources */,
			);
			runOnlyForDeploymentPostprocessing = 0;
		};
/* End PBXResourcesBuildPhase section */

/* Begin PBXSourcesBuildPhase section */
		FF52032028B7BD460086C146 /* Sources */ = {
			isa = PBXSourcesBuildPhase;
			buildActionMask = 2147483647;
			files = (
				FF7A679C28F04BA2002F92A0 /* MovieModel.swift in Sources */,
				FF2D66A628C10D3C0064135C /* SearchViewController.swift in Sources */,
				FF52032C28B7BD460086C146 /* MainTabBarViewController.swift in Sources */,
				FF2D66AF28C668640064135C /* CollectionViewTableViewCell.swift in Sources */,
				FF7A679A28EF18F9002F92A0 /* URL.swift in Sources */,
				FF7A679828EF1610002F92A0 /* APICaller-Movie.swift in Sources */,
				FF5A075F28EDAEA600776B23 /* HeroHeaderUIView.swift in Sources */,
				FF7A67A028F09BED002F92A0 /* TvModel.swift in Sources */,
				FF2D66A828C10D5D0064135C /* DownloadsViewController.swift in Sources */,
				FF7A679E28F08DB9002F92A0 /* Extensions.swift in Sources */,
				FF52032828B7BD460086C146 /* AppDelegate.swift in Sources */,
				FF2D66A428C10CF50064135C /* UpcommingViewController.swift in Sources */,
				FF52032A28B7BD460086C146 /* SceneDelegate.swift in Sources */,
				FF7A67A228F0A193002F92A0 /* APICaller-Tv.swift in Sources */,
				FF2D66A228BE6E850064135C /* HomeViewController.swift in Sources */,
			);
			runOnlyForDeploymentPostprocessing = 0;
		};
/* End PBXSourcesBuildPhase section */

/* Begin PBXVariantGroup section */
		FF52033228B7BD470086C146 /* LaunchScreen.storyboard */ = {
			isa = PBXVariantGroup;
			children = (
				FF52033328B7BD470086C146 /* Base */,
			);
			name = LaunchScreen.storyboard;
			sourceTree = "<group>";
		};
/* End PBXVariantGroup section */

/* Begin XCBuildConfiguration section */
		FF52033628B7BD470086C146 /* Debug */ = {
			isa = XCBuildConfiguration;
			buildSettings = {
				ALWAYS_SEARCH_USER_PATHS = NO;
				CLANG_ANALYZER_NONNULL = YES;
				CLANG_ANALYZER_NUMBER_OBJECT_CONVERSION = YES_AGGRESSIVE;
				CLANG_CXX_LANGUAGE_STANDARD = "gnu++17";
				CLANG_ENABLE_MODULES = YES;
				CLANG_ENABLE_OBJC_ARC = YES;
				CLANG_ENABLE_OBJC_WEAK = YES;
				CLANG_WARN_BLOCK_CAPTURE_AUTORELEASING = YES;
				CLANG_WARN_BOOL_CONVERSION = YES;
				CLANG_WARN_COMMA = YES;
				CLANG_WARN_CONSTANT_CONVERSION = YES;
				CLANG_WARN_DEPRECATED_OBJC_IMPLEMENTATIONS = YES;
				CLANG_WARN_DIRECT_OBJC_ISA_USAGE = YES_ERROR;
				CLANG_WARN_DOCUMENTATION_COMMENTS = YES;
				CLANG_WARN_EMPTY_BODY = YES;
				CLANG_WARN_ENUM_CONVERSION = YES;
				CLANG_WARN_INFINITE_RECURSION = YES;
				CLANG_WARN_INT_CONVERSION = YES;
				CLANG_WARN_NON_LITERAL_NULL_CONVERSION = YES;
				CLANG_WARN_OBJC_IMPLICIT_RETAIN_SELF = YES;
				CLANG_WARN_OBJC_LITERAL_CONVERSION = YES;
				CLANG_WARN_OBJC_ROOT_CLASS = YES_ERROR;
				CLANG_WARN_QUOTED_INCLUDE_IN_FRAMEWORK_HEADER = YES;
				CLANG_WARN_RANGE_LOOP_ANALYSIS = YES;
				CLANG_WARN_STRICT_PROTOTYPES = YES;
				CLANG_WARN_SUSPICIOUS_MOVE = YES;
				CLANG_WARN_UNGUARDED_AVAILABILITY = YES_AGGRESSIVE;
				CLANG_WARN_UNREACHABLE_CODE = YES;
				CLANG_WARN__DUPLICATE_METHOD_MATCH = YES;
				COPY_PHASE_STRIP = NO;
				DEBUG_INFORMATION_FORMAT = dwarf;
				ENABLE_STRICT_OBJC_MSGSEND = YES;
				ENABLE_TESTABILITY = YES;
				GCC_C_LANGUAGE_STANDARD = gnu11;
				GCC_DYNAMIC_NO_PIC = NO;
				GCC_NO_COMMON_BLOCKS = YES;
				GCC_OPTIMIZATION_LEVEL = 0;
				GCC_PREPROCESSOR_DEFINITIONS = (
					"DEBUG=1",
					"$(inherited)",
				);
				GCC_WARN_64_TO_32_BIT_CONVERSION = YES;
				GCC_WARN_ABOUT_RETURN_TYPE = YES_ERROR;
				GCC_WARN_UNDECLARED_SELECTOR = YES;
				GCC_WARN_UNINITIALIZED_AUTOS = YES_AGGRESSIVE;
				GCC_WARN_UNUSED_FUNCTION = YES;
				GCC_WARN_UNUSED_VARIABLE = YES;
				IPHONEOS_DEPLOYMENT_TARGET = 15.5;
				MTL_ENABLE_DEBUG_INFO = INCLUDE_SOURCE;
				MTL_FAST_MATH = YES;
				ONLY_ACTIVE_ARCH = YES;
				SDKROOT = iphoneos;
				SWIFT_ACTIVE_COMPILATION_CONDITIONS = DEBUG;
				SWIFT_OPTIMIZATION_LEVEL = "-Onone";
			};
			name = Debug;
		};
		FF52033728B7BD470086C146 /* Release */ = {
			isa = XCBuildConfiguration;
			buildSettings = {
				ALWAYS_SEARCH_USER_PATHS = NO;
				CLANG_ANALYZER_NONNULL = YES;
				CLANG_ANALYZER_NUMBER_OBJECT_CONVERSION = YES_AGGRESSIVE;
				CLANG_CXX_LANGUAGE_STANDARD = "gnu++17";
				CLANG_ENABLE_MODULES = YES;
				CLANG_ENABLE_OBJC_ARC = YES;
				CLANG_ENABLE_OBJC_WEAK = YES;
				CLANG_WARN_BLOCK_CAPTURE_AUTORELEASING = YES;
				CLANG_WARN_BOOL_CONVERSION = YES;
				CLANG_WARN_COMMA = YES;
				CLANG_WARN_CONSTANT_CONVERSION = YES;
				CLANG_WARN_DEPRECATED_OBJC_IMPLEMENTATIONS = YES;
				CLANG_WARN_DIRECT_OBJC_ISA_USAGE = YES_ERROR;
				CLANG_WARN_DOCUMENTATION_COMMENTS = YES;
				CLANG_WARN_EMPTY_BODY = YES;
				CLANG_WARN_ENUM_CONVERSION = YES;
				CLANG_WARN_INFINITE_RECURSION = YES;
				CLANG_WARN_INT_CONVERSION = YES;
				CLANG_WARN_NON_LITERAL_NULL_CONVERSION = YES;
				CLANG_WARN_OBJC_IMPLICIT_RETAIN_SELF = YES;
				CLANG_WARN_OBJC_LITERAL_CONVERSION = YES;
				CLANG_WARN_OBJC_ROOT_CLASS = YES_ERROR;
				CLANG_WARN_QUOTED_INCLUDE_IN_FRAMEWORK_HEADER = YES;
				CLANG_WARN_RANGE_LOOP_ANALYSIS = YES;
				CLANG_WARN_STRICT_PROTOTYPES = YES;
				CLANG_WARN_SUSPICIOUS_MOVE = YES;
				CLANG_WARN_UNGUARDED_AVAILABILITY = YES_AGGRESSIVE;
				CLANG_WARN_UNREACHABLE_CODE = YES;
				CLANG_WARN__DUPLICATE_METHOD_MATCH = YES;
				COPY_PHASE_STRIP = NO;
				DEBUG_INFORMATION_FORMAT = "dwarf-with-dsym";
				ENABLE_NS_ASSERTIONS = NO;
				ENABLE_STRICT_OBJC_MSGSEND = YES;
				GCC_C_LANGUAGE_STANDARD = gnu11;
				GCC_NO_COMMON_BLOCKS = YES;
				GCC_WARN_64_TO_32_BIT_CONVERSION = YES;
				GCC_WARN_ABOUT_RETURN_TYPE = YES_ERROR;
				GCC_WARN_UNDECLARED_SELECTOR = YES;
				GCC_WARN_UNINITIALIZED_AUTOS = YES_AGGRESSIVE;
				GCC_WARN_UNUSED_FUNCTION = YES;
				GCC_WARN_UNUSED_VARIABLE = YES;
				IPHONEOS_DEPLOYMENT_TARGET = 15.5;
				MTL_ENABLE_DEBUG_INFO = NO;
				MTL_FAST_MATH = YES;
				SDKROOT = iphoneos;
				SWIFT_COMPILATION_MODE = wholemodule;
				SWIFT_OPTIMIZATION_LEVEL = "-O";
				VALIDATE_PRODUCT = YES;
			};
			name = Release;
		};
		FF52033928B7BD470086C146 /* Debug */ = {
			isa = XCBuildConfiguration;
			buildSettings = {
				ASSETCATALOG_COMPILER_APPICON_NAME = AppIcon;
				ASSETCATALOG_COMPILER_GLOBAL_ACCENT_COLOR_NAME = AccentColor;
				CODE_SIGN_STYLE = Automatic;
				CURRENT_PROJECT_VERSION = 1;
				DEVELOPMENT_TEAM = NTS86MKTBV;
				GENERATE_INFOPLIST_FILE = YES;
				INFOPLIST_FILE = "Netflix Clone/Info.plist";
				INFOPLIST_KEY_UIApplicationSupportsIndirectInputEvents = YES;
				INFOPLIST_KEY_UILaunchStoryboardName = LaunchScreen;
				INFOPLIST_KEY_UISupportedInterfaceOrientations_iPad = "UIInterfaceOrientationPortrait UIInterfaceOrientationPortraitUpsideDown UIInterfaceOrientationLandscapeLeft UIInterfaceOrientationLandscapeRight";
				INFOPLIST_KEY_UISupportedInterfaceOrientations_iPhone = "UIInterfaceOrientationPortrait UIInterfaceOrientationLandscapeLeft UIInterfaceOrientationLandscapeRight";
				LD_RUNPATH_SEARCH_PATHS = (
					"$(inherited)",
					"@executable_path/Frameworks",
				);
				MARKETING_VERSION = 1.0;
				PRODUCT_BUNDLE_IDENTIFIER = "com.beatrizlds.Netflix-Clone";
				PRODUCT_NAME = "$(TARGET_NAME)";
				SWIFT_EMIT_LOC_STRINGS = YES;
				SWIFT_VERSION = 5.0;
				TARGETED_DEVICE_FAMILY = "1,2";
			};
			name = Debug;
		};
		FF52033A28B7BD470086C146 /* Release */ = {
			isa = XCBuildConfiguration;
			buildSettings = {
				ASSETCATALOG_COMPILER_APPICON_NAME = AppIcon;
				ASSETCATALOG_COMPILER_GLOBAL_ACCENT_COLOR_NAME = AccentColor;
				CODE_SIGN_STYLE = Automatic;
				CURRENT_PROJECT_VERSION = 1;
				DEVELOPMENT_TEAM = NTS86MKTBV;
				GENERATE_INFOPLIST_FILE = YES;
				INFOPLIST_FILE = "Netflix Clone/Info.plist";
				INFOPLIST_KEY_UIApplicationSupportsIndirectInputEvents = YES;
				INFOPLIST_KEY_UILaunchStoryboardName = LaunchScreen;
				INFOPLIST_KEY_UISupportedInterfaceOrientations_iPad = "UIInterfaceOrientationPortrait UIInterfaceOrientationPortraitUpsideDown UIInterfaceOrientationLandscapeLeft UIInterfaceOrientationLandscapeRight";
				INFOPLIST_KEY_UISupportedInterfaceOrientations_iPhone = "UIInterfaceOrientationPortrait UIInterfaceOrientationLandscapeLeft UIInterfaceOrientationLandscapeRight";
				LD_RUNPATH_SEARCH_PATHS = (
					"$(inherited)",
					"@executable_path/Frameworks",
				);
				MARKETING_VERSION = 1.0;
				PRODUCT_BUNDLE_IDENTIFIER = "com.beatrizlds.Netflix-Clone";
				PRODUCT_NAME = "$(TARGET_NAME)";
				SWIFT_EMIT_LOC_STRINGS = YES;
				SWIFT_VERSION = 5.0;
				TARGETED_DEVICE_FAMILY = "1,2";
			};
			name = Release;
		};
/* End XCBuildConfiguration section */

/* Begin XCConfigurationList section */
		FF52031F28B7BD460086C146 /* Build configuration list for PBXProject "Netflix Clone" */ = {
			isa = XCConfigurationList;
			buildConfigurations = (
				FF52033628B7BD470086C146 /* Debug */,
				FF52033728B7BD470086C146 /* Release */,
			);
			defaultConfigurationIsVisible = 0;
			defaultConfigurationName = Release;
		};
		FF52033828B7BD470086C146 /* Build configuration list for PBXNativeTarget "Netflix Clone" */ = {
			isa = XCConfigurationList;
			buildConfigurations = (
				FF52033928B7BD470086C146 /* Debug */,
				FF52033A28B7BD470086C146 /* Release */,
			);
			defaultConfigurationIsVisible = 0;
			defaultConfigurationName = Release;
		};
/* End XCConfigurationList section */
	};
	rootObject = FF52031C28B7BD460086C146 /* Project object */;
}
